github.com/kr/pretty v0.1.0 h1:L/CwN0zerZDmRFUapSPitk6f+Q3+0za1rQkzVuMiMFI=
github.com/kr/pretty v0.1.0/go.mod h1:dAy3ld7l9f0ibDNOQOHHMYYIIbhfbHSm3C4ZsoJORNo=
github.com/kr/pty v1.1.1/go.mod h1:pFQYn66WHrOpPYNljwOMqo10TkYh1fy3cYio2l3bCsQ=
github.com/kr/text v0.1.0 h1:45sCR5RtlFHMR4UwH9sdQ5TC8v0qDQCHnXt+kaKSTVE=
github.com/kr/text v0.1.0/go.mod h1:4Jbv+DJW3UT/LiOwJeYQe1efqtUx/iVham/4vfdArNI=
github.com/lfittl/pg_query_go v1.0.0 h1:rcHZK5DBEUoxtO6dACP+UVCHKtA1ZsELBW0rSjOXMAE=
github.com/lfittl/pg_query_go v1.0.0/go.mod h1:jcikG62RKf+NIWmbLzjjk73m4x6um2pKf3h+TJyINms=
github.com/lib/pq v1.7.0 h1:h93mCPfUSkaul3Ka/VG8uZdmW1uMHDGxzu0NWHuJmHY=
github.com/lib/pq v1.7.0/go.mod h1:AlVN5x4E4T544tWzH6hKfbfQvm3HdbOxrmggDNAPY9o=
github.com/lib/pq v1.8.0 h1:9xohqzkUwzR4Ga4ivdTcawVS89YSDVxXMa3xJX3cGzg=
github.com/lib/pq v1.8.0/go.mod h1:AlVN5x4E4T544tWzH6hKfbfQvm3HdbOxrmggDNAPY9o=
github.com/payfazz/go-errors v0.0.0-20200603234254-cfd1018c0441 h1:44XMxTLZGKVrrrYp+FKD0HfbsLsrcebI4/RpAtOSw4s=
github.com/payfazz/go-errors v0.0.0-20200603234254-cfd1018c0441/go.mod h1:o9dYtN6JBrBzwiG1Mtr2P2Urbm4wOQ1HG+AWhyYcKNI=
github.com/payfazz/go-errors v0.0.0-20200721073742-c8f2680ff093 h1:YfuC0qjV9ZUMRpu1sojU2XYce+PURs0BMI5UW7hs6T4=
github.com/payfazz/go-errors v0.0.0-20200721073742-c8f2680ff093/go.mod h1:o9dYtN6JBrBzwiG1Mtr2P2Urbm4wOQ1HG+AWhyYcKNI=
github.com/payfazz/psql-migration v0.0.0-20200608232844-4e963ddbf59d h1:xo5gO0evwmjUF4kY9jnGysTD/ygz9sEytpx3N5ZOHf4=
github.com/payfazz/psql-migration v0.0.0-20200608232844-4e963ddbf59d/go.mod h1:3OHvfImyvia/53H4J9OSXgd2i+cwVn7zSiqIf7bEqVE=
github.com/payfazz/psql-migration v0.0.0-20200609091008-469c4ce77fc3 h1:v40MS5fjqjGmuS6toWSXbTpEF9fsho3fuSDuHHLA83U=
github.com/payfazz/psql-migration v0.0.0-20200609091008-469c4ce77fc3/go.mod h1:3OHvfImyvia/53H4J9OSXgd2i+cwVn7zSiqIf7bEqVE=
